
Microsoft Visual Studio Solution File, Format Version 12.00
# Visual Studio Version 17
VisualStudioVersion = 17.9.34728.123
MinimumVisualStudioVersion = 10.0.40219.1
Project("{FAE04EC0-301F-11D3-BF4B-00C04F79EFBC}") = "eev3", "eev3\eev3.csproj", "{281F4EB8-DC73-463C-B0CA-163CF8D5CAC4}"
EndProject
Global
	GlobalSection(SolutionConfigurationPlatforms) = preSolution
		Debug|Any CPU = Debug|Any CPU
		Release|Any CPU = Release|Any CPU
	EndGlobalSection
	GlobalSection(ProjectConfigurationPlatforms) = postSolution
		{281F4EB8-DC73-463C-B0CA-163CF8D5CAC4}.Debug|Any CPU.ActiveCfg = Debug|Any CPU
		{281F4EB8-DC73-463C-B0CA-163CF8D5CAC4}.Debug|Any CPU.Build.0 = Debug|Any CPU
		{281F4EB8-DC73-463C-B0CA-163CF8D5CAC4}.Release|Any CPU.ActiveCfg = Release|Any CPU
		{281F4EB8-DC73-463C-B0CA-163CF8D5CAC4}.Release|Any CPU.Build.0 = Release|Any CPU
	EndGlobalSection
	GlobalSection(SolutionProperties) = preSolution
		HideSolutionNode = FALSE
	EndGlobalSection
	GlobalSection(ExtensibilityGlobals) = postSolution
		SolutionGuid = {80EE42F3-6736-4E15-BCA1-0A9A6A832A4C}
	EndGlobalSection
EndGlobal
